
Microsoft Visual Studio Solution File, Format Version 12.00
# Visual Studio Version 17
VisualStudioVersion = 17.6.33829.357
MinimumVisualStudioVersion = 10.0.40219.1
Project("{FAE04EC0-301F-11D3-BF4B-00C04F79EFBC}") = "CryptoApp.Dekstop", "CryptoApp.Dekstop\CryptoApp.Dekstop.csproj", "{1F4E983B-D858-471F-BEA7-DE2A475B2317}"
EndProject
Global
	GlobalSection(SolutionConfigurationPlatforms) = preSolution
		Debug|Any CPU = Debug|Any CPU
		Release|Any CPU = Release|Any CPU
	EndGlobalSection
	GlobalSection(ProjectConfigurationPlatforms) = postSolution
		{1F4E983B-D858-471F-BEA7-DE2A475B2317}.Debug|Any CPU.ActiveCfg = Debug|Any CPU
		{1F4E983B-D858-471F-BEA7-DE2A475B2317}.Debug|Any CPU.Build.0 = Debug|Any CPU
		{1F4E983B-D858-471F-BEA7-DE2A475B2317}.Release|Any CPU.ActiveCfg = Release|Any CPU
		{1F4E983B-D858-471F-BEA7-DE2A475B2317}.Release|Any CPU.Build.0 = Release|Any CPU
	EndGlobalSection
	GlobalSection(SolutionProperties) = preSolution
		HideSolutionNode = FALSE
	EndGlobalSection
	GlobalSection(ExtensibilityGlobals) = postSolution
		SolutionGuid = {47B9C88F-5AD9-48ED-B197-C5D62F5536E4}
	EndGlobalSection
EndGlobal
